
Microsoft Visual Studio Solution File, Format Version 12.00
# Visual Studio Version 16
VisualStudioVersion = 16.0.29613.14
MinimumVisualStudioVersion = 10.0.40219.1
Project("{9A19103F-16F7-4668-BE54-9A1E7A4F7556}") = "CarMessenger.Data", "CarMessenger.Data\CarMessenger.Data.csproj", "{57F85018-502E-4C62-AB4B-44ED55572C29}"
EndProject
Project("{9A19103F-16F7-4668-BE54-9A1E7A4F7556}") = "CarMessenger.Web", "CarMessenger.Web\CarMessenger.Web.csproj", "{5A3301EE-B4BE-40B5-9FD1-97FFBB642382}"
EndProject
Project("{FAE04EC0-301F-11D3-BF4B-00C04F79EFBC}") = "CarMessenger.Web.Tests", "CarMessenger.Web.Tests\CarMessenger.Web.Tests.csproj", "{0DAF1B31-183E-4AF2-A8BE-7DF571C2BFAD}"
EndProject
Global
	GlobalSection(SolutionConfigurationPlatforms) = preSolution
		Debug|Any CPU = Debug|Any CPU
		Release|Any CPU = Release|Any CPU
	EndGlobalSection
	GlobalSection(ProjectConfigurationPlatforms) = postSolution
		{57F85018-502E-4C62-AB4B-44ED55572C29}.Debug|Any CPU.ActiveCfg = Debug|Any CPU
		{57F85018-502E-4C62-AB4B-44ED55572C29}.Debug|Any CPU.Build.0 = Debug|Any CPU
		{57F85018-502E-4C62-AB4B-44ED55572C29}.Release|Any CPU.ActiveCfg = Release|Any CPU
		{57F85018-502E-4C62-AB4B-44ED55572C29}.Release|Any CPU.Build.0 = Release|Any CPU
		{5A3301EE-B4BE-40B5-9FD1-97FFBB642382}.Debug|Any CPU.ActiveCfg = Debug|Any CPU
		{5A3301EE-B4BE-40B5-9FD1-97FFBB642382}.Debug|Any CPU.Build.0 = Debug|Any CPU
		{5A3301EE-B4BE-40B5-9FD1-97FFBB642382}.Release|Any CPU.ActiveCfg = Release|Any CPU
		{5A3301EE-B4BE-40B5-9FD1-97FFBB642382}.Release|Any CPU.Build.0 = Release|Any CPU
		{0DAF1B31-183E-4AF2-A8BE-7DF571C2BFAD}.Debug|Any CPU.ActiveCfg = Debug|Any CPU
		{0DAF1B31-183E-4AF2-A8BE-7DF571C2BFAD}.Debug|Any CPU.Build.0 = Debug|Any CPU
		{0DAF1B31-183E-4AF2-A8BE-7DF571C2BFAD}.Release|Any CPU.ActiveCfg = Release|Any CPU
		{0DAF1B31-183E-4AF2-A8BE-7DF571C2BFAD}.Release|Any CPU.Build.0 = Release|Any CPU
	EndGlobalSection
	GlobalSection(SolutionProperties) = preSolution
		HideSolutionNode = FALSE
	EndGlobalSection
	GlobalSection(ExtensibilityGlobals) = postSolution
		SolutionGuid = {60435ECE-9383-4D74-95B7-4D9F7606054F}
	EndGlobalSection
EndGlobal
